
Microsoft Visual Studio Solution File, Format Version 12.00
# Visual Studio 2013
VisualStudioVersion = 12.0.21005.1
MinimumVisualStudioVersion = 10.0.40219.1
Project("{FAE04EC0-301F-11D3-BF4B-00C04F79EFBC}") = "TimeSeriesCollection", "TimeSeriesCollection\TimeSeriesCollection.csproj", "{202AC51B-8E58-4D67-BD22-B12293381BB6}"
EndProject
Project("{FAE04EC0-301F-11D3-BF4B-00C04F79EFBC}") = "TimeSeriesCollectionTests", "TimeSeriesCollectionTests\TimeSeriesCollectionTests.csproj", "{0D164092-8A51-4F44-9D2D-D077AAE8B942}"
EndProject
Project("{FAE04EC0-301F-11D3-BF4B-00C04F79EFBC}") = "AnalyzeForecastAccuracy", "AnalyzeForecastAccuracy\AnalyzeForecastAccuracy.csproj", "{5265435B-82AA-4695-B18E-9D8BFCAF3969}"
EndProject
Global
	GlobalSection(SolutionConfigurationPlatforms) = preSolution
		Debug|Any CPU = Debug|Any CPU
		Release|Any CPU = Release|Any CPU
	EndGlobalSection
	GlobalSection(ProjectConfigurationPlatforms) = postSolution
		{202AC51B-8E58-4D67-BD22-B12293381BB6}.Debug|Any CPU.ActiveCfg = Debug|Any CPU
		{202AC51B-8E58-4D67-BD22-B12293381BB6}.Debug|Any CPU.Build.0 = Debug|Any CPU
		{202AC51B-8E58-4D67-BD22-B12293381BB6}.Release|Any CPU.ActiveCfg = Release|Any CPU
		{202AC51B-8E58-4D67-BD22-B12293381BB6}.Release|Any CPU.Build.0 = Release|Any CPU
		{0D164092-8A51-4F44-9D2D-D077AAE8B942}.Debug|Any CPU.ActiveCfg = Debug|Any CPU
		{0D164092-8A51-4F44-9D2D-D077AAE8B942}.Debug|Any CPU.Build.0 = Debug|Any CPU
		{0D164092-8A51-4F44-9D2D-D077AAE8B942}.Release|Any CPU.ActiveCfg = Release|Any CPU
		{0D164092-8A51-4F44-9D2D-D077AAE8B942}.Release|Any CPU.Build.0 = Release|Any CPU
		{5265435B-82AA-4695-B18E-9D8BFCAF3969}.Debug|Any CPU.ActiveCfg = Debug|Any CPU
		{5265435B-82AA-4695-B18E-9D8BFCAF3969}.Debug|Any CPU.Build.0 = Debug|Any CPU
		{5265435B-82AA-4695-B18E-9D8BFCAF3969}.Release|Any CPU.ActiveCfg = Release|Any CPU
		{5265435B-82AA-4695-B18E-9D8BFCAF3969}.Release|Any CPU.Build.0 = Release|Any CPU
	EndGlobalSection
	GlobalSection(SolutionProperties) = preSolution
		HideSolutionNode = FALSE
	EndGlobalSection
EndGlobal
